<Solution>
  <Folder Name="/Application/">
    <Project Path="EduApoyosBackend.API/EduApoyosBackend.API.csproj" />
  </Folder>
  <Folder Name="/Domain/">
    <Project Path="EduApoyosBackend.Domain/EduApoyosBackend.Domain.csproj" Id="08c7ac7e-f85c-44db-aa16-056a1241e937" />
  </Folder>
  <Folder Name="/Infrastructure/" />
  <Folder Name="/Infrastructure/Context/" />
  <Folder Name="/Testing/">
    <Project Path="EduApoyosBackend.Tests/EduApoyosBackend.Tests.csproj" />
  </Folder>
</Solution>
